
Microsoft Visual Studio Solution File, Format Version 12.00
# Visual Studio Version 16
VisualStudioVersion = 16.0.29424.173
MinimumVisualStudioVersion = 10.0.40219.1
Project("{FAE04EC0-301F-11D3-BF4B-00C04F79EFBC}") = "FrontUI", "FrontUI\FrontUI.csproj", "{EAF4D1E5-922C-447B-B76D-15C4006F95E8}"
EndProject
Global
	GlobalSection(SolutionConfigurationPlatforms) = preSolution
		Debug|Any CPU = Debug|Any CPU
		Release|Any CPU = Release|Any CPU
	EndGlobalSection
	GlobalSection(ProjectConfigurationPlatforms) = postSolution
		{EAF4D1E5-922C-447B-B76D-15C4006F95E8}.Debug|Any CPU.ActiveCfg = Debug|Any CPU
		{EAF4D1E5-922C-447B-B76D-15C4006F95E8}.Debug|Any CPU.Build.0 = Debug|Any CPU
		{EAF4D1E5-922C-447B-B76D-15C4006F95E8}.Release|Any CPU.ActiveCfg = Release|Any CPU
		{EAF4D1E5-922C-447B-B76D-15C4006F95E8}.Release|Any CPU.Build.0 = Release|Any CPU
	EndGlobalSection
	GlobalSection(SolutionProperties) = preSolution
		HideSolutionNode = FALSE
	EndGlobalSection
	GlobalSection(ExtensibilityGlobals) = postSolution
		SolutionGuid = {CAA8B8C2-C8E9-4038-9400-5C9CB5386743}
	EndGlobalSection
EndGlobal
